        "@react-three/drei": "^9.59.0",
        "@react-three/fiber": "^8.13.5",
        "cypress": "^13.5.0",
        "playwright": "^1.41.0",
        "puppeteer": "^22.10.0",
        "three": "^0.160.1",
        "zustand": "^4.5.2"
    "node_modules/@playwright/test/node_modules/playwright": {
      "version": "1.55.0",
      "resolved": "https://registry.npmjs.org/playwright/-/playwright-1.55.0.tgz",
      "integrity": "sha512-sdCWStblvV1YU909Xqx0DhOjPZE4/5lJsIS84IfN9dAZfcl/CIZ5O8l3o0j7hPMjDvqoTF8ZUcc+i/GL5erstA==",
      "dev": true,
      "license": "Apache-2.0",
      "dependencies": {
        "playwright-core": "1.55.0"
      },
      "bin": {
        "playwright": "cli.js"
      },
      "engines": {
        "node": ">=18"
      },
      "optionalDependencies": {
        "fsevents": "2.3.2"
      }
    },
    "node_modules/@playwright/test/node_modules/playwright-core": {
      "version": "1.55.0",
      "resolved": "https://registry.npmjs.org/playwright-core/-/playwright-core-1.55.0.tgz",
      "integrity": "sha512-GvZs4vU3U5ro2nZpeiwyb0zuFaqb9sUiAJuyrWpcGouD8y9/HLgGbNRjIph7zU9D3hnPaisMl9zG9CgFi/biIg==",
      "dev": true,
      "license": "Apache-2.0",
      "bin": {
        "playwright-core": "cli.js"
      },
      "engines": {
        "node": ">=18"
      }
    },
      "version": "2.2.3",
      "resolved": "https://registry.npmjs.org/@puppeteer/browsers/-/browsers-2.2.3.tgz",
      "integrity": "sha512-bJ0UBsk0ESOs6RFcLXOt99a3yTDcOKlzfjad+rhFwdaG1Lu/Wzq58GHYCDTlZ9z6mldf4g+NTb+TXEfe0PpnsQ==",
        "debug": "4.3.4",
        "extract-zip": "2.0.1",
        "progress": "2.0.3",
        "proxy-agent": "6.4.0",
        "semver": "7.6.0",
        "tar-fs": "3.0.5",
        "unbzip2-stream": "1.4.3",
        "yargs": "17.7.2"
    "node_modules/@puppeteer/browsers/node_modules/debug": {
      "version": "4.3.4",
      "resolved": "https://registry.npmjs.org/debug/-/debug-4.3.4.tgz",
      "integrity": "sha512-PRWFHuSU3eDtQJPvnNY7Jcket1j0t5OuOsFzPPzsekD52Zl8qUfFIPEiswXqIvHWGVHOgX+7G/vCNNhehwxfkQ==",
      "license": "MIT",
      "optional": true,
      "dependencies": {
        "ms": "2.1.2"
      },
      "engines": {
        "node": ">=6.0"
      },
      "peerDependenciesMeta": {
        "supports-color": {
          "optional": true
        }
      }
    },
    "node_modules/@puppeteer/browsers/node_modules/lru-cache": {
      "version": "6.0.0",
      "resolved": "https://registry.npmjs.org/lru-cache/-/lru-cache-6.0.0.tgz",
      "integrity": "sha512-Jo6dJ04CmSjuznwJSS3pUeWmd/H0ffTlkXXgwZi+eq1UCmqQwCh+eLsYOYCwY991i2Fah4h1BEMCx4qThGbsiA==",
      "license": "ISC",
      "optional": true,
      "dependencies": {
        "yallist": "^4.0.0"
      },
      "engines": {
        "node": ">=10"
      }
    },
    "node_modules/@puppeteer/browsers/node_modules/ms": {
      "version": "2.1.2",
      "resolved": "https://registry.npmjs.org/ms/-/ms-2.1.2.tgz",
      "integrity": "sha512-sGkPx+VjMtmA6MX27oA4FBFELFCZZ4S4XqeGOXCv68tT+jb3vk/RyaKWP0PTKyWtmLSM0b+adUTEvbs1PEaH2w==",
      "license": "MIT",
      "optional": true
    },
    "node_modules/@puppeteer/browsers/node_modules/semver": {
      "version": "7.6.0",
      "resolved": "https://registry.npmjs.org/semver/-/semver-7.6.0.tgz",
      "integrity": "sha512-EnwXhrlwXMk9gKu5/flx5sv/an57AkRplG3hTK68W7FRDN+k+OWBj65M7719OkA82XLBxrcX0KSHj+X5COhOVg==",
      "license": "ISC",
      "optional": true,
      "dependencies": {
        "lru-cache": "^6.0.0"
      },
      "bin": {
        "semver": "bin/semver.js"
      },
      "engines": {
        "node": ">=10"
      }
    },
    "node_modules/@puppeteer/browsers/node_modules/yallist": {
      "version": "4.0.0",
      "resolved": "https://registry.npmjs.org/yallist/-/yallist-4.0.0.tgz",
      "integrity": "sha512-3wdGidZyq5PB084XLES5TpOSRA3wjXAlIWMhum2kRcv/41Sn2emQ0dycQW4uZXLejwKvg6EsvbdlVL+FYEct7A==",
      "license": "ISC",
      "optional": true
    },
      "version": "9.6.1",
      "resolved": "https://registry.npmjs.org/@react-spring/animated/-/animated-9.6.1.tgz",
      "integrity": "sha512-ls/rJBrAqiAYozjLo5EPPLLOb1LM0lNVQcXODTC1SMtS6DbuBCPaKco5svFUQFMP2dso3O+qcC4k9FsKc0KxMQ==",
        "@react-spring/shared": "~9.6.1",
        "@react-spring/types": "~9.6.1"
      "version": "9.6.1",
      "resolved": "https://registry.npmjs.org/@react-spring/core/-/core-9.6.1.tgz",
      "integrity": "sha512-3HAAinAyCPessyQNNXe5W0OHzRfa8Yo5P748paPcmMowZ/4sMfaZ2ZB6e5x5khQI8NusOHj8nquoutd6FRY5WQ==",
        "@react-spring/animated": "~9.6.1",
        "@react-spring/rafz": "~9.6.1",
        "@react-spring/shared": "~9.6.1",
        "@react-spring/types": "~9.6.1"
      "version": "9.6.1",
      "resolved": "https://registry.npmjs.org/@react-spring/rafz/-/rafz-9.6.1.tgz",
      "integrity": "sha512-v6qbgNRpztJFFfSE3e2W1Uz+g8KnIBs6SmzCzcVVF61GdGfGOuBrbjIcp+nUz301awVmREKi4eMQb2Ab2gGgyQ==",
      "version": "9.6.1",
      "resolved": "https://registry.npmjs.org/@react-spring/shared/-/shared-9.6.1.tgz",
      "integrity": "sha512-PBFBXabxFEuF8enNLkVqMC9h5uLRBo6GQhRMQT/nRTnemVENimgRd+0ZT4yFnAQ0AxWNiJfX3qux+bW2LbG6Bw==",
        "@react-spring/rafz": "~9.6.1",
        "@react-spring/types": "~9.6.1"
      "version": "9.6.1",
      "resolved": "https://registry.npmjs.org/@react-spring/three/-/three-9.6.1.tgz",
      "integrity": "sha512-Tyw2YhZPKJAX3t2FcqvpLRb71CyTe1GvT3V+i+xJzfALgpk10uPGdGaQQ5Xrzmok1340DAeg2pR/MCfaW7b8AA==",
        "@react-spring/animated": "~9.6.1",
        "@react-spring/core": "~9.6.1",
        "@react-spring/shared": "~9.6.1",
        "@react-spring/types": "~9.6.1"
      "version": "9.6.1",
      "resolved": "https://registry.npmjs.org/@react-spring/types/-/types-9.6.1.tgz",
      "integrity": "sha512-POu8Mk0hIU3lRXB3bGIGe4VHIwwDsQyoD1F394OK7STTiX9w4dG3cTLljjYswkQN+hDSHRrj4O36kuVa7KPU8Q==",
      "version": "9.59.0",
      "resolved": "https://registry.npmjs.org/@react-three/drei/-/drei-9.59.0.tgz",
      "integrity": "sha512-sTViQuLsQ2By3yoaNe0/OHnsc9fvTZ+1vbyLl5J6Fk0qeblLw769eMz8Qa6yZcOOKLwAuBHSddlpL1zZFuMq2A==",
        "@babel/runtime": "^7.11.2",
        "@react-spring/three": "~9.6.1",
        "@use-gesture/react": "^10.2.24",
        "camera-controls": "^2.3.1",
        "detect-gpu": "^5.0.14",
        "lodash.clamp": "^4.0.3",
        "lodash.omit": "^4.5.0",
        "lodash.pick": "^4.4.0",
        "maath": "^0.5.2",
        "meshline": "^3.1.6",
        "react-merge-refs": "^1.1.0",
        "suspend-react": "^0.0.8",
        "three-mesh-bvh": "^0.5.23",
        "three-stdlib": "^2.21.8",
        "troika-three-text": "^0.47.1",
        "utility-types": "^3.10.0",
        "zustand": "^3.5.13"
        "@react-three/fiber": ">=8.0",
        "react": ">=18.0",
        "react-dom": ">=18.0",
    "node_modules/@react-three/drei/node_modules/react-merge-refs": {
      "version": "1.1.0",
      "resolved": "https://registry.npmjs.org/react-merge-refs/-/react-merge-refs-1.1.0.tgz",
      "integrity": "sha512-alTKsjEL0dKH/ru1Iyn7vliS2QRcBp9zZPGoWxUOvRGWPUYgjo+V01is7p04It6KhgrzhJGnIj9GgX8W4bZoCQ==",
      "license": "MIT",
      "funding": {
        "type": "github",
        "url": "https://github.com/sponsors/gregberge"
      }
    },
    "node_modules/@react-three/drei/node_modules/suspend-react": {
      "version": "0.0.8",
      "resolved": "https://registry.npmjs.org/suspend-react/-/suspend-react-0.0.8.tgz",
      "integrity": "sha512-ZC3r8Hu1y0dIThzsGw0RLZplnX9yXwfItcvaIzJc2VQVi8TGyGDlu92syMB5ulybfvGLHAI5Ghzlk23UBPF8xg==",
      "license": "MIT",
      "peerDependencies": {
        "react": ">=17.0"
      }
    },
    "node_modules/@react-three/drei/node_modules/zustand": {
      "version": "3.7.2",
      "resolved": "https://registry.npmjs.org/zustand/-/zustand-3.7.2.tgz",
      "integrity": "sha512-PIJDIZKtokhof+9+60cpockVOq05sJzHCriyvaLBmEJixseQ1a5Kdov6fWZfWOu5SK9c+FhH1jU0tntLxRJYMA==",
      "license": "MIT",
      "engines": {
        "node": ">=12.7.0"
      },
      "peerDependencies": {
        "react": ">=16.8"
      },
      "peerDependenciesMeta": {
        "react": {
          "optional": true
        }
      }
      "version": "8.13.5",
      "resolved": "https://registry.npmjs.org/@react-three/fiber/-/fiber-8.13.5.tgz",
      "integrity": "sha512-x9QdsaB/Wm/6NGvRXQahPPWfn2dQce7Fg3C2r00NNzyDdqRKw32YavL+WEqjZOOd0nvFpzv7FtaKc+VCOTR59w==",
        "react-use-measure": "^2.1.1",
        "react": ">=18.0",
        "react-dom": ">=18.0",
      "version": "2.3.5",
      "resolved": "https://registry.npmjs.org/bare-fs/-/bare-fs-2.3.5.tgz",
      "integrity": "sha512-SlE9eTxifPDJrT6YgemQ1WGFleevzwY+XAP1Xqgl56HtcrisC2CHCZ2tq6dBpcH2TnNxwUEUGhweo+lrQtYuiw==",
        "bare-events": "^2.0.0",
        "bare-path": "^2.0.0",
        "bare-stream": "^2.0.0"
      "version": "2.4.4",
      "resolved": "https://registry.npmjs.org/bare-os/-/bare-os-2.4.4.tgz",
      "integrity": "sha512-z3UiI2yi1mK0sXeRdc4O1Kk8aOa/e+FNWZcTiPB/dfTWyLypuE99LibgRaQki914Jq//yAWylcAt+mknKdixRQ==",
      "optional": true
      "version": "2.1.3",
      "resolved": "https://registry.npmjs.org/bare-path/-/bare-path-2.1.3.tgz",
      "integrity": "sha512-lh/eITfU8hrj9Ru5quUp0Io1kJWIk1bTjzo7JH1P5dWmQ2EL4hFUlfI8FonAhSlgIfhn63p84CDY/x+PisgcXA==",
        "bare-os": "^2.1.0"
      "version": "0.5.19",
      "resolved": "https://registry.npmjs.org/chromium-bidi/-/chromium-bidi-0.5.19.tgz",
      "integrity": "sha512-UA6zL77b7RYCjJkZBsZ0wlvCTD+jTjllZ8f6wdO4buevXgTZYjV+XLB9CiEa2OuuTGGTLnI7eN9I60YxuALGQg==",
        "zod": "3.22.4"
      "version": "3.22.4",
      "resolved": "https://registry.npmjs.org/zod/-/zod-3.22.4.tgz",
      "integrity": "sha512-iC+8Io04lddc+mVqQ9AZ7OQ2MrUKGN+oIQyq1vemgt46jwCwLfhq7/pwnBnNXXXZb8VTVLKwp9EDkx+ryxIWmg==",
      "devOptional": true,
      "version": "13.5.0",
      "resolved": "https://registry.npmjs.org/cypress/-/cypress-13.5.0.tgz",
      "integrity": "sha512-oh6U7h9w8wwHfzNDJQ6wVcAeXu31DlIYlNOBvfd6U4CcB8oe4akawQmH+QJVOMZlM42eBoCne015+svVqdwdRQ==",
        "@cypress/request": "^3.0.0",
        "@types/node": "^18.17.5",
        "buffer": "^5.6.0",
        "is-ci": "^3.0.0",
        "tmp": "~0.2.1",
    "node_modules/cypress/node_modules/@types/node": {
      "version": "18.19.127",
      "resolved": "https://registry.npmjs.org/@types/node/-/node-18.19.127.tgz",
      "integrity": "sha512-gSjxjrnKXML/yo0BO099uPixMqfpJU0TKYjpfLU7TrtA2WWDki412Np/RSTPRil1saKBhvVVKzVx/p/6p94nVA==",
      "license": "MIT",
      "optional": true,
      "dependencies": {
        "undici-types": "~5.26.4"
      }
    },
    "node_modules/cypress/node_modules/undici-types": {
      "version": "5.26.5",
      "resolved": "https://registry.npmjs.org/undici-types/-/undici-types-5.26.5.tgz",
      "integrity": "sha512-JlCMO+ehdEIKqlFxk6IfVoAUVmgz7cU7zD/h9XZ0qzeosSHmUJVOzSQvvYSYWXkFXC+IfLKSIffhv0sVZup6pA==",
      "license": "MIT",
      "optional": true
    },
      "version": "0.0.1286932",
      "resolved": "https://registry.npmjs.org/devtools-protocol/-/devtools-protocol-0.0.1286932.tgz",
      "integrity": "sha512-wu58HMQll9voDjR4NlPyoDEw1syfzaBNHymMMZ/QOXiHRNluOnDgu9hp1yHOKYoMlxCh4lSSiugLITe6Fvu1eA==",
    "node_modules/is-ci": {
      "version": "3.0.1",
      "resolved": "https://registry.npmjs.org/is-ci/-/is-ci-3.0.1.tgz",
      "integrity": "sha512-ZYvCgrefwqoQ6yTyYUbQu64HsITZ3NfKX1lzaEYdkTDcfKzzCI/wthRRYKkdjHKFVgNiXKAKm65Zo1pk2as/QQ==",
      "license": "MIT",
      "optional": true,
      "dependencies": {
        "ci-info": "^3.2.0"
      },
      "bin": {
        "is-ci": "bin.js"
      }
    },
    "node_modules/lodash.clamp": {
      "version": "4.0.3",
      "resolved": "https://registry.npmjs.org/lodash.clamp/-/lodash.clamp-4.0.3.tgz",
      "integrity": "sha512-HvzRFWjtcguTW7yd8NJBshuNaCa8aqNFtnswdT7f/cMd/1YKy5Zzoq4W/Oxvnx9l7aeY258uSdDfM793+eLsVg==",
      "license": "MIT"
    },
    "node_modules/lodash.omit": {
      "version": "4.5.0",
      "resolved": "https://registry.npmjs.org/lodash.omit/-/lodash.omit-4.5.0.tgz",
      "integrity": "sha512-XeqSp49hNGmlkj2EJlfrQFIzQ6lXdNro9sddtQzcJY8QaoC2GO0DT7xaIokHeyM+mIT0mPMlPvkYzg2xCuHdZg==",
      "deprecated": "This package is deprecated. Use destructuring assignment syntax instead.",
      "license": "MIT"
    },
    "node_modules/lodash.pick": {
      "version": "4.4.0",
      "resolved": "https://registry.npmjs.org/lodash.pick/-/lodash.pick-4.4.0.tgz",
      "integrity": "sha512-hXt6Ul/5yWjfklSGvLQl8vM//l3FtyHZeuelpzK6mm99pNvN9yTDruNZPEJZD1oWrqo+izBmB7oUfWgcCX7s4Q==",
      "deprecated": "This package is deprecated. Use destructuring assignment syntax instead.",
      "license": "MIT"
    },
      "version": "0.5.3",
      "resolved": "https://registry.npmjs.org/maath/-/maath-0.5.3.tgz",
      "integrity": "sha512-ut63A4zTd9abtpi+sOHW1fPWPtAFrjK0E17eAthx1k93W/T2cWLKV5oaswyotJVDvvW1EXSdokAqhK5KOu0Qdw==",
        "@types/three": ">=0.144.0",
        "three": ">=0.144.0"
      "version": "1.41.0",
      "resolved": "https://registry.npmjs.org/playwright/-/playwright-1.41.0.tgz",
      "integrity": "sha512-XOsfl5ZtAik/T9oek4V0jAypNlaCNzuKOwVhqhgYT3os6kH34PzbRb74F0VWcLYa5WFdnmxl7qyAHBXvPv7lqQ==",
      "optional": true,
        "playwright-core": "1.41.0"
        "node": ">=16"
      "version": "1.41.0",
      "resolved": "https://registry.npmjs.org/playwright-core/-/playwright-core-1.41.0.tgz",
      "integrity": "sha512-UGKASUhXmvqm2Lxa1fNr8sFwAtqjpgBRr9jQ7XBI8Rn5uFiEowGUGwrruUQsVPIom4bk7Lt+oLGpXobnXzrBIw==",
      "optional": true,
        "node": ">=16"
      "version": "6.4.0",
      "resolved": "https://registry.npmjs.org/proxy-agent/-/proxy-agent-6.4.0.tgz",
      "integrity": "sha512-u0piLU+nCOHMgGjRbimiXmA9kM/L9EHh3zL81xCdp7m+Y2pHIsnmbdDoEDoAz5geaonNR6q6+yOPQs6n4T6sBQ==",
        "agent-base": "^7.0.2",
        "https-proxy-agent": "^7.0.3",
        "pac-proxy-agent": "^7.0.1",
        "socks-proxy-agent": "^8.0.2"
      "version": "22.10.0",
      "resolved": "https://registry.npmjs.org/puppeteer/-/puppeteer-22.10.0.tgz",
      "integrity": "sha512-ZOkZd6a6t0BdKcWb0wAYHWQqCfdlN1PPnXOmg/XNrbo6gJhYWFX4qCNb6ahSn8TpAqBqLCoD4Q010F7GwOM7mA==",
        "@puppeteer/browsers": "2.2.3",
        "cosmiconfig": "9.0.0",
        "devtools-protocol": "0.0.1286932",
        "puppeteer-core": "22.10.0"
      "version": "22.10.0",
      "resolved": "https://registry.npmjs.org/puppeteer-core/-/puppeteer-core-22.10.0.tgz",
      "integrity": "sha512-I54J4Vy4I07UHsgB1QSmuFoF7KNQjJWcvFBPhtY+ezMdBfwgGDr8dzYrJa11aPgP9kxIUHjhktcMmmfJkOAtTw==",
        "@puppeteer/browsers": "2.2.3",
        "chromium-bidi": "0.5.19",
        "debug": "4.3.4",
        "devtools-protocol": "0.0.1286932",
        "ws": "8.17.0"
    "node_modules/puppeteer-core/node_modules/debug": {
      "version": "4.3.4",
      "resolved": "https://registry.npmjs.org/debug/-/debug-4.3.4.tgz",
      "integrity": "sha512-PRWFHuSU3eDtQJPvnNY7Jcket1j0t5OuOsFzPPzsekD52Zl8qUfFIPEiswXqIvHWGVHOgX+7G/vCNNhehwxfkQ==",
      "license": "MIT",
      "optional": true,
      "dependencies": {
        "ms": "2.1.2"
      },
      "engines": {
        "node": ">=6.0"
      },
      "peerDependenciesMeta": {
        "supports-color": {
          "optional": true
        }
      }
    },
    "node_modules/puppeteer-core/node_modules/ms": {
      "version": "2.1.2",
      "resolved": "https://registry.npmjs.org/ms/-/ms-2.1.2.tgz",
      "integrity": "sha512-sGkPx+VjMtmA6MX27oA4FBFELFCZZ4S4XqeGOXCv68tT+jb3vk/RyaKWP0PTKyWtmLSM0b+adUTEvbs1PEaH2w==",
      "license": "MIT",
      "optional": true
    },
    "node_modules/puppeteer-core/node_modules/ws": {
      "version": "8.17.0",
      "resolved": "https://registry.npmjs.org/ws/-/ws-8.17.0.tgz",
      "integrity": "sha512-uJq6108EgZMAl20KagGkzCKfMEjxmKvZHG7Tlq0Z6nOky7YF7aq4mOx6xK8TJ/i1LeK4Qus7INktacctDgY8Ow==",
      "license": "MIT",
      "optional": true,
      "engines": {
        "node": ">=10.0.0"
      },
      "peerDependencies": {
        "bufferutil": "^4.0.1",
        "utf-8-validate": ">=5.0.2"
      },
      "peerDependenciesMeta": {
        "bufferutil": {
          "optional": true
        },
        "utf-8-validate": {
          "optional": true
        }
      }
    },
      "version": "3.0.5",
      "resolved": "https://registry.npmjs.org/tar-fs/-/tar-fs-3.0.5.tgz",
      "integrity": "sha512-JOgGAmZyMgbqpLwct7ZV8VzkEB6pxXFBVErLtb+XCOqzc6w1xiWKI9GVd6bwk68EX7eJ4DWmfXVmq8K2ziZTGg==",
        "bare-fs": "^2.1.1",
        "bare-path": "^2.1.0"
      "version": "0.160.1",
      "resolved": "https://registry.npmjs.org/three/-/three-0.160.1.tgz",
      "integrity": "sha512-Bgl2wPJypDOZ1stAxwfWAcJ0WQf7QzlptsxkjYiURPz+n5k4RBDLsq+6f9Y75TYxn6aHLcWz+JNmwTOXWrQTBQ==",
      "version": "0.5.24",
      "resolved": "https://registry.npmjs.org/three-mesh-bvh/-/three-mesh-bvh-0.5.24.tgz",
      "integrity": "sha512-VTIgfjz8aFoPKTQoMIQQv9jJD4ybFRZuKKE1/kqy78FQcuHQ0+iIWv7C5cSb2inlvs7bNMVY3yRx3RXGZfrvzQ==",
        "three": ">= 0.123.0"
      "version": "0.47.2",
      "resolved": "https://registry.npmjs.org/troika-three-text/-/troika-three-text-0.47.2.tgz",
      "integrity": "sha512-qylT0F+U7xGs+/PEf3ujBdJMYWbn0Qci0kLqI5BJG2kW1wdg4T1XSxneypnF05DxFqJhEzuaOR9S2SjiyknMng==",
        "troika-three-utils": "^0.47.2",
        "troika-worker-utils": "^0.47.2",
      "version": "0.47.2",
      "resolved": "https://registry.npmjs.org/troika-three-utils/-/troika-three-utils-0.47.2.tgz",
      "integrity": "sha512-/28plhCxfKtH7MSxEGx8e3b/OXU5A0xlwl+Sbdp0H8FXUHKZDoksduEKmjQayXYtxAyuUiCRunYIv/8Vi7aiyg==",
      "version": "0.47.2",
      "resolved": "https://registry.npmjs.org/troika-worker-utils/-/troika-worker-utils-0.47.2.tgz",
      "integrity": "sha512-mzss4MeyzUkYBppn4x5cdAqrhBHFEuVmMMgLMTyFV23x6GvQMyo+/R5E5Lsbrt7WSt5RfvewjcwD1DChRTA9lA==",
      "version": "4.5.2",
      "resolved": "https://registry.npmjs.org/zustand/-/zustand-4.5.2.tgz",
      "integrity": "sha512-2cN1tPkDVkwCy5ickKrI7vijSjPksFRfqS6237NzT0vqSsztTNnQdHw9mmN7uBdk3gceVXU0a+21jFzFzAc9+g==",
      "dependencies": {
        "use-sync-external-store": "1.2.0"
      },
        "node": ">=12.7.0"
        "@types/react": ">=16.8",
        "react": ">=16.8"
    },
    "node_modules/zustand/node_modules/use-sync-external-store": {
      "version": "1.2.0",
      "resolved": "https://registry.npmjs.org/use-sync-external-store/-/use-sync-external-store-1.2.0.tgz",
      "integrity": "sha512-eEgnFxGQ1Ife9bzYs6VLi8/4X6CObHMw9Qr9tPY43iKwsPw8xE8+EFsf/2cFZ5S3esXgpWgtSCtLNS41F+sKPA==",
      "license": "MIT",
      "peerDependencies": {
        "react": "^16.8.0 || ^17.0.0 || ^18.0.0"
      }
