        "react-error-boundary": "^6.0.0",
    "node_modules/react-error-boundary": {
      "version": "6.0.0",
      "resolved": "https://registry.npmjs.org/react-error-boundary/-/react-error-boundary-6.0.0.tgz",
      "integrity": "sha512-gdlJjD7NWr0IfkPlaREN2d9uUZUlksrfOx7SX62VRerwXbMY6ftGCIZua1VG1aXFNOimhISsTq+Owp725b9SiA==",
      "license": "MIT",
      "dependencies": {
        "@babel/runtime": "^7.12.5"
      },
      "peerDependencies": {
        "react": ">=16.13.1"
      }
    },
