        "@sentry/replay": "^7.120.3",
        "sanitize-html": "^2.17.0",
        "@sentry/vite-plugin": "^2.22.3",
        "node": "20.x",
    "node_modules/@sentry/babel-plugin-component-annotate": {
      "version": "2.23.1",
      "resolved": "https://registry.npmjs.org/@sentry/babel-plugin-component-annotate/-/babel-plugin-component-annotate-2.23.1.tgz",
      "integrity": "sha512-l1z8AvI6k9I+2z49OgvP3SlzB1M0Lw24KtceiJibNaSyQwxsItoT9/XftZ/8BBtkosVmNOTQhL1eUsSkuSv1LA==",
      "dev": true,
      "license": "MIT",
      "engines": {
        "node": ">= 14"
      }
    },
    "node_modules/@sentry/bundler-plugin-core": {
      "version": "2.23.1",
      "resolved": "https://registry.npmjs.org/@sentry/bundler-plugin-core/-/bundler-plugin-core-2.23.1.tgz",
      "integrity": "sha512-JA6utNiwMKv6Jfj0Hmk0DI/XUizSHg7HhhkFETKhRlYEhZAdkyz1atDBg0ncKNgRBKyHeSYWcMFtUyo26VB76w==",
      "dev": true,
      "license": "MIT",
      "dependencies": {
        "@babel/core": "^7.18.5",
        "@sentry/babel-plugin-component-annotate": "2.23.1",
        "@sentry/cli": "2.39.1",
        "dotenv": "^16.3.1",
        "find-up": "^5.0.0",
        "glob": "^9.3.2",
        "magic-string": "0.30.8",
        "unplugin": "1.0.1"
      },
      "engines": {
        "node": ">= 14"
      }
    },
    "node_modules/@sentry/bundler-plugin-core/node_modules/glob": {
      "version": "9.3.5",
      "resolved": "https://registry.npmjs.org/glob/-/glob-9.3.5.tgz",
      "integrity": "sha512-e1LleDykUz2Iu+MTYdkSsuWX8lvAjAcs0Xef0lNIu0S2wOAzuTxCJtcd9S3cijlwYF18EsU3rzb8jPVobxDh9Q==",
      "dev": true,
      "license": "ISC",
      "dependencies": {
        "fs.realpath": "^1.0.0",
        "minimatch": "^8.0.2",
        "minipass": "^4.2.4",
        "path-scurry": "^1.6.1"
      },
      "engines": {
        "node": ">=16 || 14 >=14.17"
      },
      "funding": {
        "url": "https://github.com/sponsors/isaacs"
      }
    },
    "node_modules/@sentry/bundler-plugin-core/node_modules/lru-cache": {
      "version": "10.4.3",
      "resolved": "https://registry.npmjs.org/lru-cache/-/lru-cache-10.4.3.tgz",
      "integrity": "sha512-JNAzZcXrCt42VGLuYz0zfAzDfAvJWW6AfYlDBQyDV5DClI2m5sAmK+OIO7s59XfsRsWHp02jAJrRadPRGTt6SQ==",
      "dev": true,
      "license": "ISC"
    },
    "node_modules/@sentry/bundler-plugin-core/node_modules/magic-string": {
      "version": "0.30.8",
      "resolved": "https://registry.npmjs.org/magic-string/-/magic-string-0.30.8.tgz",
      "integrity": "sha512-ISQTe55T2ao7XtlAStud6qwYPZjE4GK1S/BeVPus4jrq6JuOnQ00YKQC581RWhR122W7msZV263KzVeLoqidyQ==",
      "dev": true,
      "license": "MIT",
      "dependencies": {
        "@jridgewell/sourcemap-codec": "^1.4.15"
      },
      "engines": {
        "node": ">=12"
      }
    },
    "node_modules/@sentry/bundler-plugin-core/node_modules/minimatch": {
      "version": "8.0.4",
      "resolved": "https://registry.npmjs.org/minimatch/-/minimatch-8.0.4.tgz",
      "integrity": "sha512-W0Wvr9HyFXZRGIDgCicunpQ299OKXs9RgZfaukz4qAW/pJhcpUfupc9c+OObPOFueNy8VSrZgEmDtk6Kh4WzDA==",
      "dev": true,
      "license": "ISC",
      "dependencies": {
        "brace-expansion": "^2.0.1"
      },
      "engines": {
        "node": ">=16 || 14 >=14.17"
      },
      "funding": {
        "url": "https://github.com/sponsors/isaacs"
      }
    },
    "node_modules/@sentry/bundler-plugin-core/node_modules/minipass": {
      "version": "4.2.8",
      "resolved": "https://registry.npmjs.org/minipass/-/minipass-4.2.8.tgz",
      "integrity": "sha512-fNzuVyifolSLFL4NzpF+wEF4qrgqaaKX0haXPQEdQ7NKAN+WecoKMHV09YcuL/DHxrUsYQOK3MiuDf7Ip2OXfQ==",
      "dev": true,
      "license": "ISC",
      "engines": {
        "node": ">=8"
      }
    },
    "node_modules/@sentry/bundler-plugin-core/node_modules/path-scurry": {
      "version": "1.11.1",
      "resolved": "https://registry.npmjs.org/path-scurry/-/path-scurry-1.11.1.tgz",
      "integrity": "sha512-Xa4Nw17FS9ApQFJ9umLiJS4orGjm7ZzwUrwamcGQuHSzDyth9boKDaycYdDcZDuqYATXw4HFXgaqWTctW/v1HA==",
      "dev": true,
      "license": "BlueOak-1.0.0",
      "dependencies": {
        "lru-cache": "^10.2.0",
        "minipass": "^5.0.0 || ^6.0.2 || ^7.0.0"
      },
      "engines": {
        "node": ">=16 || 14 >=14.18"
      },
      "funding": {
        "url": "https://github.com/sponsors/isaacs"
      }
    },
    "node_modules/@sentry/bundler-plugin-core/node_modules/path-scurry/node_modules/minipass": {
      "version": "7.1.2",
      "resolved": "https://registry.npmjs.org/minipass/-/minipass-7.1.2.tgz",
      "integrity": "sha512-qOOzS1cBTWYF4BH8fVePDBOO9iptMnGUEZwNc/cMWnTV2nVLZ7VoNWEPHkYczZA0pdoA7dl6e7FL659nX9S2aw==",
      "dev": true,
      "license": "ISC",
      "engines": {
        "node": ">=16 || 14 >=14.17"
      }
    },
    "node_modules/@sentry/cli": {
      "version": "2.39.1",
      "resolved": "https://registry.npmjs.org/@sentry/cli/-/cli-2.39.1.tgz",
      "integrity": "sha512-JIb3e9vh0+OmQ0KxmexMXg9oZsR/G7HMwxt5BUIKAXZ9m17Xll4ETXTRnRUBT3sf7EpNGAmlQk1xEmVN9pYZYQ==",
      "dev": true,
      "hasInstallScript": true,
      "license": "BSD-3-Clause",
      "dependencies": {
        "https-proxy-agent": "^5.0.0",
        "node-fetch": "^2.6.7",
        "progress": "^2.0.3",
        "proxy-from-env": "^1.1.0",
        "which": "^2.0.2"
      },
      "bin": {
        "sentry-cli": "bin/sentry-cli"
      },
      "engines": {
        "node": ">= 10"
      },
      "optionalDependencies": {
        "@sentry/cli-darwin": "2.39.1",
        "@sentry/cli-linux-arm": "2.39.1",
        "@sentry/cli-linux-arm64": "2.39.1",
        "@sentry/cli-linux-i686": "2.39.1",
        "@sentry/cli-linux-x64": "2.39.1",
        "@sentry/cli-win32-i686": "2.39.1",
        "@sentry/cli-win32-x64": "2.39.1"
      }
    },
    "node_modules/@sentry/cli-darwin": {
      "version": "2.39.1",
      "resolved": "https://registry.npmjs.org/@sentry/cli-darwin/-/cli-darwin-2.39.1.tgz",
      "integrity": "sha512-kiNGNSAkg46LNGatfNH5tfsmI/kCAaPA62KQuFZloZiemTNzhy9/6NJP8HZ/GxGs8GDMxic6wNrV9CkVEgFLJQ==",
      "dev": true,
      "license": "BSD-3-Clause",
      "optional": true,
      "os": [
        "darwin"
      ],
      "engines": {
        "node": ">=10"
      }
    },
    "node_modules/@sentry/cli-linux-arm": {
      "version": "2.39.1",
      "resolved": "https://registry.npmjs.org/@sentry/cli-linux-arm/-/cli-linux-arm-2.39.1.tgz",
      "integrity": "sha512-DkENbxyRxUrfLnJLXTA4s5UL/GoctU5Cm4ER1eB7XN7p9WsamFJd/yf2KpltkjEyiTuplv0yAbdjl1KX3vKmEQ==",
      "cpu": [
        "arm"
      ],
      "dev": true,
      "license": "BSD-3-Clause",
      "optional": true,
      "os": [
        "linux",
        "freebsd"
      ],
      "engines": {
        "node": ">=10"
      }
    },
    "node_modules/@sentry/cli-linux-arm64": {
      "version": "2.39.1",
      "resolved": "https://registry.npmjs.org/@sentry/cli-linux-arm64/-/cli-linux-arm64-2.39.1.tgz",
      "integrity": "sha512-5VbVJDatolDrWOgaffsEM7znjs0cR8bHt9Bq0mStM3tBolgAeSDHE89NgHggfZR+DJ2VWOy4vgCwkObrUD6NQw==",
      "cpu": [
        "arm64"
      ],
      "dev": true,
      "license": "BSD-3-Clause",
      "optional": true,
      "os": [
        "linux",
        "freebsd"
      ],
      "engines": {
        "node": ">=10"
      }
    },
    "node_modules/@sentry/cli-linux-i686": {
      "version": "2.39.1",
      "resolved": "https://registry.npmjs.org/@sentry/cli-linux-i686/-/cli-linux-i686-2.39.1.tgz",
      "integrity": "sha512-pXWVoKXCRrY7N8vc9H7mETiV9ZCz+zSnX65JQCzZxgYrayQPJTc+NPRnZTdYdk5RlAupXaFicBI2GwOCRqVRkg==",
      "cpu": [
        "x86",
        "ia32"
      ],
      "dev": true,
      "license": "BSD-3-Clause",
      "optional": true,
      "os": [
        "linux",
        "freebsd"
      ],
      "engines": {
        "node": ">=10"
      }
    },
    "node_modules/@sentry/cli-linux-x64": {
      "version": "2.39.1",
      "resolved": "https://registry.npmjs.org/@sentry/cli-linux-x64/-/cli-linux-x64-2.39.1.tgz",
      "integrity": "sha512-IwayNZy+it7FWG4M9LayyUmG1a/8kT9+/IEm67sT5+7dkMIMcpmHDqL8rWcPojOXuTKaOBBjkVdNMBTXy0mXlA==",
      "cpu": [
        "x64"
      ],
      "dev": true,
      "license": "BSD-3-Clause",
      "optional": true,
      "os": [
        "linux",
        "freebsd"
      ],
      "engines": {
        "node": ">=10"
      }
    },
    "node_modules/@sentry/cli-win32-i686": {
      "version": "2.39.1",
      "resolved": "https://registry.npmjs.org/@sentry/cli-win32-i686/-/cli-win32-i686-2.39.1.tgz",
      "integrity": "sha512-NglnNoqHSmE+Dz/wHeIVRnV2bLMx7tIn3IQ8vXGO5HWA2f8zYJGktbkLq1Lg23PaQmeZLPGlja3gBQfZYSG10Q==",
      "cpu": [
        "x86",
        "ia32"
      ],
      "dev": true,
      "license": "BSD-3-Clause",
      "optional": true,
      "os": [
        "win32"
      ],
      "engines": {
        "node": ">=10"
      }
    },
    "node_modules/@sentry/cli-win32-x64": {
      "version": "2.39.1",
      "resolved": "https://registry.npmjs.org/@sentry/cli-win32-x64/-/cli-win32-x64-2.39.1.tgz",
      "integrity": "sha512-xv0R2CMf/X1Fte3cMWie1NXuHmUyQPDBfCyIt6k6RPFPxAYUgcqgMPznYwVMwWEA1W43PaOkSn3d8ZylsDaETw==",
      "cpu": [
        "x64"
      ],
      "dev": true,
      "license": "BSD-3-Clause",
      "optional": true,
      "os": [
        "win32"
      ],
      "engines": {
        "node": ">=10"
      }
    },
    "node_modules/@sentry/cli/node_modules/node-fetch": {
      "version": "2.7.0",
      "resolved": "https://registry.npmjs.org/node-fetch/-/node-fetch-2.7.0.tgz",
      "integrity": "sha512-c4FRfUm/dbcWZ7U+1Wq0AwCyFL+3nt2bEw05wfxSz+DWpWsitgmSgYmy2dQdWyKC1694ELPqMs/YzUSNozLt8A==",
      "dev": true,
      "license": "MIT",
      "dependencies": {
        "whatwg-url": "^5.0.0"
      },
      "engines": {
        "node": "4.x || >=6.0.0"
      },
      "peerDependencies": {
        "encoding": "^0.1.0"
      },
      "peerDependenciesMeta": {
        "encoding": {
          "optional": true
        }
      }
    },
    "node_modules/@sentry/cli/node_modules/proxy-from-env": {
      "version": "1.1.0",
      "resolved": "https://registry.npmjs.org/proxy-from-env/-/proxy-from-env-1.1.0.tgz",
      "integrity": "sha512-D+zkORCbA9f1tdWRK0RaCR3GPv50cMxcrz4X8k5LTSUD1Dkw47mKJEZQNunItRTkWwgtaUSo1RVFRIG9ZXiFYg==",
      "dev": true,
      "license": "MIT"
    },
    "node_modules/@sentry/vite-plugin": {
      "version": "2.23.1",
      "resolved": "https://registry.npmjs.org/@sentry/vite-plugin/-/vite-plugin-2.23.1.tgz",
      "integrity": "sha512-avtjtIQ019sZW3FklpmNNsQOnYZjCHpnVxgDGElfZb+AaR4AvtHNlxXLJp+iqEfSK+Xok8MJarJqIgCaWcF40Q==",
      "dev": true,
      "license": "MIT",
      "dependencies": {
        "@sentry/bundler-plugin-core": "2.23.1",
        "unplugin": "1.0.1"
      },
      "engines": {
        "node": ">= 14"
      }
    },
    "node_modules/htmlparser2": {
      "version": "8.0.2",
      "resolved": "https://registry.npmjs.org/htmlparser2/-/htmlparser2-8.0.2.tgz",
      "integrity": "sha512-GYdjWKDkbRLkZ5geuHs5NY1puJ+PXwP7+fHPRz06Eirsb9ugf6d8kkXav6ADhcODhFFPMIXyxkxSuMf3D6NCFA==",
      "funding": [
        "https://github.com/fb55/htmlparser2?sponsor=1",
        {
          "type": "github",
          "url": "https://github.com/sponsors/fb55"
        }
      ],
      "license": "MIT",
      "dependencies": {
        "domelementtype": "^2.3.0",
        "domhandler": "^5.0.3",
        "domutils": "^3.0.1",
        "entities": "^4.4.0"
      }
    },
    "node_modules/htmlparser2/node_modules/dom-serializer": {
      "version": "2.0.0",
      "resolved": "https://registry.npmjs.org/dom-serializer/-/dom-serializer-2.0.0.tgz",
      "integrity": "sha512-wIkAryiqt/nV5EQKqQpo3SToSOV9J0DnbJqwK7Wv/Trc92zIAYZ4FlMu+JPFW1DfGFt81ZTCGgDEabffXeLyJg==",
      "license": "MIT",
      "dependencies": {
        "domelementtype": "^2.3.0",
        "domhandler": "^5.0.2",
        "entities": "^4.2.0"
      },
      "funding": {
        "url": "https://github.com/cheeriojs/dom-serializer?sponsor=1"
      }
    },
    "node_modules/htmlparser2/node_modules/domhandler": {
      "version": "5.0.3",
      "resolved": "https://registry.npmjs.org/domhandler/-/domhandler-5.0.3.tgz",
      "integrity": "sha512-cgwlv/1iFQiFnU96XXgROh8xTeetsnJiDsTc7TYCLFd9+/WNkIqPTxiM/8pSd8VIrhXGTf1Ny1q1hquVqDJB5w==",
      "license": "BSD-2-Clause",
      "dependencies": {
        "domelementtype": "^2.3.0"
      },
      "engines": {
        "node": ">= 4"
      },
      "funding": {
        "url": "https://github.com/fb55/domhandler?sponsor=1"
      }
    },
    "node_modules/htmlparser2/node_modules/domutils": {
      "version": "3.2.2",
      "resolved": "https://registry.npmjs.org/domutils/-/domutils-3.2.2.tgz",
      "integrity": "sha512-6kZKyUajlDuqlHKVX1w7gyslj9MPIXzIFiz/rGu35uC1wMi+kMhQwGhl4lt9unC9Vb9INnY9Z3/ZA3+FhASLaw==",
      "license": "BSD-2-Clause",
      "dependencies": {
        "dom-serializer": "^2.0.0",
        "domelementtype": "^2.3.0",
        "domhandler": "^5.0.3"
      },
      "funding": {
        "url": "https://github.com/fb55/domutils?sponsor=1"
      }
    },
    "node_modules/htmlparser2/node_modules/entities": {
      "version": "4.5.0",
      "resolved": "https://registry.npmjs.org/entities/-/entities-4.5.0.tgz",
      "integrity": "sha512-V0hjH4dGPh9Ao5p0MoRY6BVqtwCjhz6vI5LT8AJ55H+4g9/4vbHx1I54fS0XuclLhDHArPQCiMjDxjaL8fPxhw==",
      "license": "BSD-2-Clause",
      "engines": {
        "node": ">=0.12"
      },
      "funding": {
        "url": "https://github.com/fb55/entities?sponsor=1"
      }
    },
    "node_modules/parse-srcset": {
      "version": "1.0.2",
      "resolved": "https://registry.npmjs.org/parse-srcset/-/parse-srcset-1.0.2.tgz",
      "integrity": "sha512-/2qh0lav6CmI15FzA3i/2Bzk2zCgQhGMkvhOhKNcBVQ1ldgpbfiNTVslmooUmWJcADi1f1kIeynbDRVzNlfR6Q==",
      "license": "MIT"
    },
      "devOptional": true,
    "node_modules/sanitize-html": {
      "version": "2.17.0",
      "resolved": "https://registry.npmjs.org/sanitize-html/-/sanitize-html-2.17.0.tgz",
      "integrity": "sha512-dLAADUSS8rBwhaevT12yCezvioCA+bmUTPH/u57xKPT8d++voeYE6HeluA/bPbQ15TwDBG2ii+QZIEmYx8VdxA==",
      "license": "MIT",
      "dependencies": {
        "deepmerge": "^4.2.2",
        "escape-string-regexp": "^4.0.0",
        "htmlparser2": "^8.0.0",
        "is-plain-object": "^5.0.0",
        "parse-srcset": "^1.0.2",
        "postcss": "^8.3.11"
      }
    },
    "node_modules/sanitize-html/node_modules/is-plain-object": {
      "version": "5.0.0",
      "resolved": "https://registry.npmjs.org/is-plain-object/-/is-plain-object-5.0.0.tgz",
      "integrity": "sha512-VRSzKkbMm5jMDoKLbltAkFQ5Qr7VDiTFGXxYFXXowVj387GeGNOCsOH6Msy00SGZ3Fp84b1Naa1psqgcCIEP5Q==",
      "license": "MIT",
      "engines": {
        "node": ">=0.10.0"
      }
    },
    "node_modules/unplugin": {
      "version": "1.0.1",
      "resolved": "https://registry.npmjs.org/unplugin/-/unplugin-1.0.1.tgz",
      "integrity": "sha512-aqrHaVBWW1JVKBHmGo33T5TxeL0qWzfvjWokObHA9bYmN7eNDkwOxmLjhioHl9878qDFMAaT51XNroRyuz7WxA==",
      "dev": true,
      "license": "MIT",
      "dependencies": {
        "acorn": "^8.8.1",
        "chokidar": "^3.5.3",
        "webpack-sources": "^3.2.3",
        "webpack-virtual-modules": "^0.5.0"
      }
    },
    "node_modules/webpack-sources": {
      "version": "3.3.3",
      "resolved": "https://registry.npmjs.org/webpack-sources/-/webpack-sources-3.3.3.tgz",
      "integrity": "sha512-yd1RBzSGanHkitROoPFd6qsrxt+oFhg/129YzheDGqeustzX0vTZJZsSsQjVQC4yzBQ56K55XU8gaNCtIzOnTg==",
      "dev": true,
      "license": "MIT",
      "engines": {
        "node": ">=10.13.0"
      }
    },
    "node_modules/webpack-virtual-modules": {
      "version": "0.5.0",
      "resolved": "https://registry.npmjs.org/webpack-virtual-modules/-/webpack-virtual-modules-0.5.0.tgz",
      "integrity": "sha512-kyDivFZ7ZM0BVOUteVbDFhlRt7Ah/CSPwJdi8hBpkK7QLumUqdLtVfm/PX/hkcnrvr0i77fO5+TjZ94Pe+C9iw==",
      "dev": true,
      "license": "MIT"
    },
